
Microsoft Visual Studio Solution File, Format Version 12.00
# Visual Studio 15
VisualStudioVersion = 15.0.28307.572
MinimumVisualStudioVersion = 10.0.40219.1
Project("{FAE04EC0-301F-11D3-BF4B-00C04F79EFBC}") = "CheeseMVC", "CheeseMVC\CheeseMVC.csproj", "{25BA6881-0C9A-49D6-9B1D-D2F910E7E126}"
EndProject
Global
	GlobalSection(SolutionConfigurationPlatforms) = preSolution
		Debug|Any CPU = Debug|Any CPU
		Release|Any CPU = Release|Any CPU
	EndGlobalSection
	GlobalSection(ProjectConfigurationPlatforms) = postSolution
		{25BA6881-0C9A-49D6-9B1D-D2F910E7E126}.Debug|Any CPU.ActiveCfg = Debug|Any CPU
		{25BA6881-0C9A-49D6-9B1D-D2F910E7E126}.Debug|Any CPU.Build.0 = Debug|Any CPU
		{25BA6881-0C9A-49D6-9B1D-D2F910E7E126}.Release|Any CPU.ActiveCfg = Release|Any CPU
		{25BA6881-0C9A-49D6-9B1D-D2F910E7E126}.Release|Any CPU.Build.0 = Release|Any CPU
	EndGlobalSection
	GlobalSection(SolutionProperties) = preSolution
		HideSolutionNode = FALSE
	EndGlobalSection
	GlobalSection(ExtensibilityGlobals) = postSolution
		SolutionGuid = {CA419A08-1B0D-435E-8CFC-C24175C92592}
	EndGlobalSection
EndGlobal
